// !$*UTF8*$!
{
	archiveVersion = 1;
	classes = {
	};
	objectVersion = 56;
	objects = {

/* Begin PBXBuildFile section */
		FD00838E2BD25B0700ADF975 /* TralViewModel.swift in Sources */ = {isa = PBXBuildFile; fileRef = FD00838D2BD25B0700ADF975 /* TralViewModel.swift */; };
		FD0083942BD2AB7100ADF975 /* HomeCardListView.swift in Sources */ = {isa = PBXBuildFile; fileRef = FD0083932BD2AB7100ADF975 /* HomeCardListView.swift */; };
		FD0083972BD2AC7000ADF975 /* HomeListPopularView.swift in Sources */ = {isa = PBXBuildFile; fileRef = FD0083962BD2AC7000ADF975 /* HomeListPopularView.swift */; };
		FDA663092BD5C7B800DED329 /* HomeNameModel.swift in Sources */ = {isa = PBXBuildFile; fileRef = FDA663082BD5C7B800DED329 /* HomeNameModel.swift */; };
		FDA6630D2BD5E92F00DED329 /* HomePopularModel.swift in Sources */ = {isa = PBXBuildFile; fileRef = FDA6630C2BD5E92F00DED329 /* HomePopularModel.swift */; };
		FDA6630F2BD5EF8500DED329 /* BundleEx.swift in Sources */ = {isa = PBXBuildFile; fileRef = FDA6630E2BD5EF8500DED329 /* BundleEx.swift */; };
		FDA663162BD6315C00DED329 /* homepopular.json in Resources */ = {isa = PBXBuildFile; fileRef = FDA663152BD6315C00DED329 /* homepopular.json */; };
		FDA663192BD633F100DED329 /* HomeCardModel.swift in Sources */ = {isa = PBXBuildFile; fileRef = FDA663182BD633F100DED329 /* HomeCardModel.swift */; };
		FDA6631A2BD6374C00DED329 /* homecards.json in Resources */ = {isa = PBXBuildFile; fileRef = FDA663172BD6339E00DED329 /* homecards.json */; };
		FDA663212BD639B200DED329 /* HomeCardDetailView.swift in Sources */ = {isa = PBXBuildFile; fileRef = FDA663202BD639B200DED329 /* HomeCardDetailView.swift */; };
		FDA663232BD63A1C00DED329 /* HomePopDetailView.swift in Sources */ = {isa = PBXBuildFile; fileRef = FDA663222BD63A1C00DED329 /* HomePopDetailView.swift */; };
		FDA663252BD65F2700DED329 /* DiscoverHeadView.swift in Sources */ = {isa = PBXBuildFile; fileRef = FDA663242BD65F2700DED329 /* DiscoverHeadView.swift */; };
		FDA663272BD6620300DED329 /* DiscoverTopView.swift in Sources */ = {isa = PBXBuildFile; fileRef = FDA663262BD6620300DED329 /* DiscoverTopView.swift */; };
		FDA6632A2BD6651400DED329 /* ACarousel in Frameworks */ = {isa = PBXBuildFile; productRef = FDA663292BD6651400DED329 /* ACarousel */; };
		FDB259392BCF6E9200FA622A /* TralApp.swift in Sources */ = {isa = PBXBuildFile; fileRef = FDB259382BCF6E9200FA622A /* TralApp.swift */; };
		FDB2593D2BCF6E9300FA622A /* Assets.xcassets in Resources */ = {isa = PBXBuildFile; fileRef = FDB2593C2BCF6E9300FA622A /* Assets.xcassets */; };
		FDB259402BCF6E9300FA622A /* Preview Assets.xcassets in Resources */ = {isa = PBXBuildFile; fileRef = FDB2593F2BCF6E9300FA622A /* Preview Assets.xcassets */; };
		FDB259472BCF6EBC00FA622A /* .gitignore in Resources */ = {isa = PBXBuildFile; fileRef = FDB259462BCF6EBC00FA622A /* .gitignore */; };
		FDB259492BCF6F7600FA622A /* SplashView.swift in Sources */ = {isa = PBXBuildFile; fileRef = FDB259482BCF6F7600FA622A /* SplashView.swift */; };
		FDB2594B2BCF701200FA622A /* CGFloatEx.swift in Sources */ = {isa = PBXBuildFile; fileRef = FDB2594A2BCF701200FA622A /* CGFloatEx.swift */; };
		FDB2594E2BCF703500FA622A /* ViewEx.swift in Sources */ = {isa = PBXBuildFile; fileRef = FDB2594D2BCF703500FA622A /* ViewEx.swift */; };
		FDB259502BD004B800FA622A /* MainView.swift in Sources */ = {isa = PBXBuildFile; fileRef = FDB2594F2BD004B800FA622A /* MainView.swift */; };
		FDB259572BD006D600FA622A /* HomeView.swift in Sources */ = {isa = PBXBuildFile; fileRef = FDB259562BD006D600FA622A /* HomeView.swift */; };
		FDB259592BD006E600FA622A /* DiscoverView.swift in Sources */ = {isa = PBXBuildFile; fileRef = FDB259582BD006E600FA622A /* DiscoverView.swift */; };
		FDB2595B2BD006F800FA622A /* LocationView.swift in Sources */ = {isa = PBXBuildFile; fileRef = FDB2595A2BD006F800FA622A /* LocationView.swift */; };
		FDB2595D2BD0070D00FA622A /* CalendarView.swift in Sources */ = {isa = PBXBuildFile; fileRef = FDB2595C2BD0070D00FA622A /* CalendarView.swift */; };
		FDB2595F2BD00B7D00FA622A /* CustomTabbar.swift in Sources */ = {isa = PBXBuildFile; fileRef = FDB2595E2BD00B7D00FA622A /* CustomTabbar.swift */; };
		FDB259612BD0580100FA622A /* Define.swift in Sources */ = {isa = PBXBuildFile; fileRef = FDB259602BD0580100FA622A /* Define.swift */; };
		FDB259632BD0588500FA622A /* DefineImage.swift in Sources */ = {isa = PBXBuildFile; fileRef = FDB259622BD0588500FA622A /* DefineImage.swift */; };
		FDB259852BD05E6600FA622A /* HomeHeader.swift in Sources */ = {isa = PBXBuildFile; fileRef = FDB259842BD05E6600FA622A /* HomeHeader.swift */; };
		FDB259872BD060CC00FA622A /* HomeHeaderTab.swift in Sources */ = {isa = PBXBuildFile; fileRef = FDB259862BD060CC00FA622A /* HomeHeaderTab.swift */; };
		FDB259892BD0648000FA622A /* ColorEx.swift in Sources */ = {isa = PBXBuildFile; fileRef = FDB259882BD0648000FA622A /* ColorEx.swift */; };
		FDB2598B2BD07C3700FA622A /* HomePopularView.swift in Sources */ = {isa = PBXBuildFile; fileRef = FDB2598A2BD07C3700FA622A /* HomePopularView.swift */; };
		FDB2598F2BD081FD00FA622A /* HomeCard.swift in Sources */ = {isa = PBXBuildFile; fileRef = FDB2598E2BD081FD00FA622A /* HomeCard.swift */; };
/* End PBXBuildFile section */

/* Begin PBXFileReference section */
		FD00838D2BD25B0700ADF975 /* TralViewModel.swift */ = {isa = PBXFileReference; lastKnownFileType = sourcecode.swift; path = TralViewModel.swift; sourceTree = "<group>"; };
		FD0083932BD2AB7100ADF975 /* HomeCardListView.swift */ = {isa = PBXFileReference; lastKnownFileType = sourcecode.swift; path = HomeCardListView.swift; sourceTree = "<group>"; };
		FD0083962BD2AC7000ADF975 /* HomeListPopularView.swift */ = {isa = PBXFileReference; lastKnownFileType = sourcecode.swift; path = HomeListPopularView.swift; sourceTree = "<group>"; };
		FDA663082BD5C7B800DED329 /* HomeNameModel.swift */ = {isa = PBXFileReference; lastKnownFileType = sourcecode.swift; path = HomeNameModel.swift; sourceTree = "<group>"; };
		FDA6630C2BD5E92F00DED329 /* HomePopularModel.swift */ = {isa = PBXFileReference; lastKnownFileType = sourcecode.swift; path = HomePopularModel.swift; sourceTree = "<group>"; };
		FDA6630E2BD5EF8500DED329 /* BundleEx.swift */ = {isa = PBXFileReference; lastKnownFileType = sourcecode.swift; path = BundleEx.swift; sourceTree = "<group>"; };
		FDA663152BD6315C00DED329 /* homepopular.json */ = {isa = PBXFileReference; fileEncoding = 4; lastKnownFileType = text.json; path = homepopular.json; sourceTree = "<group>"; };
		FDA663172BD6339E00DED329 /* homecards.json */ = {isa = PBXFileReference; lastKnownFileType = text.json; path = homecards.json; sourceTree = "<group>"; };
		FDA663182BD633F100DED329 /* HomeCardModel.swift */ = {isa = PBXFileReference; lastKnownFileType = sourcecode.swift; path = HomeCardModel.swift; sourceTree = "<group>"; };
		FDA663202BD639B200DED329 /* HomeCardDetailView.swift */ = {isa = PBXFileReference; lastKnownFileType = sourcecode.swift; path = HomeCardDetailView.swift; sourceTree = "<group>"; };
		FDA663222BD63A1C00DED329 /* HomePopDetailView.swift */ = {isa = PBXFileReference; lastKnownFileType = sourcecode.swift; path = HomePopDetailView.swift; sourceTree = "<group>"; };
		FDA663242BD65F2700DED329 /* DiscoverHeadView.swift */ = {isa = PBXFileReference; lastKnownFileType = sourcecode.swift; path = DiscoverHeadView.swift; sourceTree = "<group>"; };
		FDA663262BD6620300DED329 /* DiscoverTopView.swift */ = {isa = PBXFileReference; lastKnownFileType = sourcecode.swift; path = DiscoverTopView.swift; sourceTree = "<group>"; };
		FDB259352BCF6E9200FA622A /* Tral.app */ = {isa = PBXFileReference; explicitFileType = wrapper.application; includeInIndex = 0; path = Tral.app; sourceTree = BUILT_PRODUCTS_DIR; };
		FDB259382BCF6E9200FA622A /* TralApp.swift */ = {isa = PBXFileReference; lastKnownFileType = sourcecode.swift; path = TralApp.swift; sourceTree = "<group>"; };
		FDB2593C2BCF6E9300FA622A /* Assets.xcassets */ = {isa = PBXFileReference; lastKnownFileType = folder.assetcatalog; path = Assets.xcassets; sourceTree = "<group>"; };
		FDB2593F2BCF6E9300FA622A /* Preview Assets.xcassets */ = {isa = PBXFileReference; lastKnownFileType = folder.assetcatalog; path = "Preview Assets.xcassets"; sourceTree = "<group>"; };
		FDB259462BCF6EBC00FA622A /* .gitignore */ = {isa = PBXFileReference; lastKnownFileType = text; path = .gitignore; sourceTree = "<group>"; };
		FDB259482BCF6F7600FA622A /* SplashView.swift */ = {isa = PBXFileReference; lastKnownFileType = sourcecode.swift; path = SplashView.swift; sourceTree = "<group>"; };
		FDB2594A2BCF701200FA622A /* CGFloatEx.swift */ = {isa = PBXFileReference; lastKnownFileType = sourcecode.swift; path = CGFloatEx.swift; sourceTree = "<group>"; };
		FDB2594D2BCF703500FA622A /* ViewEx.swift */ = {isa = PBXFileReference; lastKnownFileType = sourcecode.swift; path = ViewEx.swift; sourceTree = "<group>"; };
		FDB2594F2BD004B800FA622A /* MainView.swift */ = {isa = PBXFileReference; lastKnownFileType = sourcecode.swift; path = MainView.swift; sourceTree = "<group>"; };
		FDB259562BD006D600FA622A /* HomeView.swift */ = {isa = PBXFileReference; lastKnownFileType = sourcecode.swift; path = HomeView.swift; sourceTree = "<group>"; };
		FDB259582BD006E600FA622A /* DiscoverView.swift */ = {isa = PBXFileReference; lastKnownFileType = sourcecode.swift; path = DiscoverView.swift; sourceTree = "<group>"; };
		FDB2595A2BD006F800FA622A /* LocationView.swift */ = {isa = PBXFileReference; lastKnownFileType = sourcecode.swift; path = LocationView.swift; sourceTree = "<group>"; };
		FDB2595C2BD0070D00FA622A /* CalendarView.swift */ = {isa = PBXFileReference; lastKnownFileType = sourcecode.swift; path = CalendarView.swift; sourceTree = "<group>"; };
		FDB2595E2BD00B7D00FA622A /* CustomTabbar.swift */ = {isa = PBXFileReference; lastKnownFileType = sourcecode.swift; path = CustomTabbar.swift; sourceTree = "<group>"; };
		FDB259602BD0580100FA622A /* Define.swift */ = {isa = PBXFileReference; lastKnownFileType = sourcecode.swift; path = Define.swift; sourceTree = "<group>"; };
		FDB259622BD0588500FA622A /* DefineImage.swift */ = {isa = PBXFileReference; lastKnownFileType = sourcecode.swift; path = DefineImage.swift; sourceTree = "<group>"; };
		FDB259842BD05E6600FA622A /* HomeHeader.swift */ = {isa = PBXFileReference; lastKnownFileType = sourcecode.swift; path = HomeHeader.swift; sourceTree = "<group>"; };
		FDB259862BD060CC00FA622A /* HomeHeaderTab.swift */ = {isa = PBXFileReference; lastKnownFileType = sourcecode.swift; path = HomeHeaderTab.swift; sourceTree = "<group>"; };
		FDB259882BD0648000FA622A /* ColorEx.swift */ = {isa = PBXFileReference; lastKnownFileType = sourcecode.swift; path = ColorEx.swift; sourceTree = "<group>"; };
		FDB2598A2BD07C3700FA622A /* HomePopularView.swift */ = {isa = PBXFileReference; lastKnownFileType = sourcecode.swift; path = HomePopularView.swift; sourceTree = "<group>"; };
		FDB2598E2BD081FD00FA622A /* HomeCard.swift */ = {isa = PBXFileReference; lastKnownFileType = sourcecode.swift; path = HomeCard.swift; sourceTree = "<group>"; };
/* End PBXFileReference section */

/* Begin PBXFrameworksBuildPhase section */
		FDB259322BCF6E9200FA622A /* Frameworks */ = {
			isa = PBXFrameworksBuildPhase;
			buildActionMask = 2147483647;
			files = (
				FDA6632A2BD6651400DED329 /* ACarousel in Frameworks */,
			);
			runOnlyForDeploymentPostprocessing = 0;
		};
/* End PBXFrameworksBuildPhase section */

/* Begin PBXGroup section */
		FD00838F2BD2631700ADF975 /* Data */ = {
			isa = PBXGroup;
			children = (
				FDA663152BD6315C00DED329 /* homepopular.json */,
				FDA663172BD6339E00DED329 /* homecards.json */,
			);
			path = Data;
			sourceTree = "<group>";
		};
		FD0083952BD2AC1500ADF975 /* HomeList */ = {
			isa = PBXGroup;
			children = (
				FDB2598E2BD081FD00FA622A /* HomeCard.swift */,
				FD0083932BD2AB7100ADF975 /* HomeCardListView.swift */,
			);
			path = HomeList;
			sourceTree = "<group>";
		};
		FD0083982BD2D9F300ADF975 /* HomePopList */ = {
			isa = PBXGroup;
			children = (
				FDB2598A2BD07C3700FA622A /* HomePopularView.swift */,
				FD0083962BD2AC7000ADF975 /* HomeListPopularView.swift */,
			);
			path = HomePopList;
			sourceTree = "<group>";
		};
		FDA6631D2BD6390F00DED329 /* HomeDetail */ = {
			isa = PBXGroup;
			children = (
				FDA663202BD639B200DED329 /* HomeCardDetailView.swift */,
				FDA663222BD63A1C00DED329 /* HomePopDetailView.swift */,
			);
			path = HomeDetail;
			sourceTree = "<group>";
		};
		FDB2592C2BCF6E9200FA622A = {
			isa = PBXGroup;
			children = (
				FDB259462BCF6EBC00FA622A /* .gitignore */,
				FDB259372BCF6E9200FA622A /* Tral */,
				FDB259362BCF6E9200FA622A /* Products */,
			);
			sourceTree = "<group>";
		};
		FDB259362BCF6E9200FA622A /* Products */ = {
			isa = PBXGroup;
			children = (
				FDB259352BCF6E9200FA622A /* Tral.app */,
			);
			name = Products;
			sourceTree = "<group>";
		};
		FDB259372BCF6E9200FA622A /* Tral */ = {
			isa = PBXGroup;
			children = (
				FDB259382BCF6E9200FA622A /* TralApp.swift */,
				FDB259482BCF6F7600FA622A /* SplashView.swift */,
				FDB2594F2BD004B800FA622A /* MainView.swift */,
				FDB2595E2BD00B7D00FA622A /* CustomTabbar.swift */,
				FDB2598D2BD07C5F00FA622A /* ViewModel */,
				FDB2598C2BD07C5600FA622A /* Model */,
				FDB259512BD0065C00FA622A /* View */,
				FDB2594C2BCF701700FA622A /* Utills */,
				FDB2593C2BCF6E9300FA622A /* Assets.xcassets */,
				FDB2593E2BCF6E9300FA622A /* Preview Content */,
			);
			path = Tral;
			sourceTree = "<group>";
		};
		FDB2593E2BCF6E9300FA622A /* Preview Content */ = {
			isa = PBXGroup;
			children = (
				FDB2593F2BCF6E9300FA622A /* Preview Assets.xcassets */,
			);
			path = "Preview Content";
			sourceTree = "<group>";
		};
		FDB2594C2BCF701700FA622A /* Utills */ = {
			isa = PBXGroup;
			children = (
				FDB2594A2BCF701200FA622A /* CGFloatEx.swift */,
				FDB259882BD0648000FA622A /* ColorEx.swift */,
				FDB2594D2BCF703500FA622A /* ViewEx.swift */,
				FDB259602BD0580100FA622A /* Define.swift */,
				FDA6630E2BD5EF8500DED329 /* BundleEx.swift */,
				FDB259622BD0588500FA622A /* DefineImage.swift */,
				FD00838F2BD2631700ADF975 /* Data */,
			);
			name = Utills;
			sourceTree = "<group>";
		};
		FDB259512BD0065C00FA622A /* View */ = {
			isa = PBXGroup;
			children = (
				FDB259522BD0066C00FA622A /* Home */,
				FDB259532BD0067D00FA622A /* Discover */,
				FDB259542BD0068D00FA622A /* Location */,
				FDB259552BD0069A00FA622A /* Calendar */,
			);
			name = View;
			sourceTree = "<group>";
		};
		FDB259522BD0066C00FA622A /* Home */ = {
			isa = PBXGroup;
			children = (
				FDB259562BD006D600FA622A /* HomeView.swift */,
				FDB259842BD05E6600FA622A /* HomeHeader.swift */,
				FDB259862BD060CC00FA622A /* HomeHeaderTab.swift */,
				FD0083982BD2D9F300ADF975 /* HomePopList */,
				FD0083952BD2AC1500ADF975 /* HomeList */,
				FDA6631D2BD6390F00DED329 /* HomeDetail */,
			);
			path = Home;
			sourceTree = "<group>";
		};
		FDB259532BD0067D00FA622A /* Discover */ = {
			isa = PBXGroup;
			children = (
				FDB259582BD006E600FA622A /* DiscoverView.swift */,
				FDA663242BD65F2700DED329 /* DiscoverHeadView.swift */,
				FDA663262BD6620300DED329 /* DiscoverTopView.swift */,
			);
			name = Discover;
			sourceTree = "<group>";
		};
		FDB259542BD0068D00FA622A /* Location */ = {
			isa = PBXGroup;
			children = (
				FDB2595A2BD006F800FA622A /* LocationView.swift */,
			);
			name = Location;
			sourceTree = "<group>";
		};
		FDB259552BD0069A00FA622A /* Calendar */ = {
			isa = PBXGroup;
			children = (
				FDB2595C2BD0070D00FA622A /* CalendarView.swift */,
			);
			path = Calendar;
			sourceTree = "<group>";
		};
		FDB2598C2BD07C5600FA622A /* Model */ = {
			isa = PBXGroup;
			children = (
				FDA663082BD5C7B800DED329 /* HomeNameModel.swift */,
				FDA6630C2BD5E92F00DED329 /* HomePopularModel.swift */,
				FDA663182BD633F100DED329 /* HomeCardModel.swift */,
			);
			path = Model;
			sourceTree = "<group>";
		};
		FDB2598D2BD07C5F00FA622A /* ViewModel */ = {
			isa = PBXGroup;
			children = (
				FD00838D2BD25B0700ADF975 /* TralViewModel.swift */,
			);
			name = ViewModel;
			sourceTree = "<group>";
		};
/* End PBXGroup section */

/* Begin PBXNativeTarget section */
		FDB259342BCF6E9200FA622A /* Tral */ = {
			isa = PBXNativeTarget;
			buildConfigurationList = FDB259432BCF6E9300FA622A /* Build configuration list for PBXNativeTarget "Tral" */;
			buildPhases = (
				FDB259312BCF6E9200FA622A /* Sources */,
				FDB259322BCF6E9200FA622A /* Frameworks */,
				FDB259332BCF6E9200FA622A /* Resources */,
			);
			buildRules = (
			);
			dependencies = (
			);
			name = Tral;
			packageProductDependencies = (
				FDA663292BD6651400DED329 /* ACarousel */,
			);
			productName = Tral;
			productReference = FDB259352BCF6E9200FA622A /* Tral.app */;
			productType = "com.apple.product-type.application";
		};
/* End PBXNativeTarget section */

/* Begin PBXProject section */
		FDB2592D2BCF6E9200FA622A /* Project object */ = {
			isa = PBXProject;
			attributes = {
				BuildIndependentTargetsInParallel = 1;
				LastSwiftUpdateCheck = 1530;
				LastUpgradeCheck = 1530;
				TargetAttributes = {
					FDB259342BCF6E9200FA622A = {
						CreatedOnToolsVersion = 15.3;
					};
				};
			};
			buildConfigurationList = FDB259302BCF6E9200FA622A /* Build configuration list for PBXProject "Tral" */;
			compatibilityVersion = "Xcode 14.0";
			developmentRegion = en;
			hasScannedForEncodings = 0;
			knownRegions = (
				en,
				Base,
			);
			mainGroup = FDB2592C2BCF6E9200FA622A;
			packageReferences = (
				FDA663282BD6651400DED329 /* XCRemoteSwiftPackageReference "ACarousel" */,
			);
			productRefGroup = FDB259362BCF6E9200FA622A /* Products */;
			projectDirPath = "";
			projectRoot = "";
			targets = (
				FDB259342BCF6E9200FA622A /* Tral */,
			);
		};
/* End PBXProject section */

/* Begin PBXResourcesBuildPhase section */
		FDB259332BCF6E9200FA622A /* Resources */ = {
			isa = PBXResourcesBuildPhase;
			buildActionMask = 2147483647;
			files = (
				FDA663162BD6315C00DED329 /* homepopular.json in Resources */,
				FDB259402BCF6E9300FA622A /* Preview Assets.xcassets in Resources */,
				FDA6631A2BD6374C00DED329 /* homecards.json in Resources */,
				FDB259472BCF6EBC00FA622A /* .gitignore in Resources */,
				FDB2593D2BCF6E9300FA622A /* Assets.xcassets in Resources */,
			);
			runOnlyForDeploymentPostprocessing = 0;
		};
/* End PBXResourcesBuildPhase section */

/* Begin PBXSourcesBuildPhase section */
		FDB259312BCF6E9200FA622A /* Sources */ = {
			isa = PBXSourcesBuildPhase;
			buildActionMask = 2147483647;
			files = (
				FDB2598F2BD081FD00FA622A /* HomeCard.swift in Sources */,
				FDB259392BCF6E9200FA622A /* TralApp.swift in Sources */,
				FDA663192BD633F100DED329 /* HomeCardModel.swift in Sources */,
				FDA6630F2BD5EF8500DED329 /* BundleEx.swift in Sources */,
				FDA663092BD5C7B800DED329 /* HomeNameModel.swift in Sources */,
				FDB2595B2BD006F800FA622A /* LocationView.swift in Sources */,
				FDB259632BD0588500FA622A /* DefineImage.swift in Sources */,
				FDB2594B2BCF701200FA622A /* CGFloatEx.swift in Sources */,
				FDB259492BCF6F7600FA622A /* SplashView.swift in Sources */,
				FDB259612BD0580100FA622A /* Define.swift in Sources */,
				FDA6630D2BD5E92F00DED329 /* HomePopularModel.swift in Sources */,
				FDB259872BD060CC00FA622A /* HomeHeaderTab.swift in Sources */,
				FDB259572BD006D600FA622A /* HomeView.swift in Sources */,
				FDA663272BD6620300DED329 /* DiscoverTopView.swift in Sources */,
				FDB259852BD05E6600FA622A /* HomeHeader.swift in Sources */,
				FDB2595D2BD0070D00FA622A /* CalendarView.swift in Sources */,
				FDB2595F2BD00B7D00FA622A /* CustomTabbar.swift in Sources */,
				FDB259892BD0648000FA622A /* ColorEx.swift in Sources */,
				FDB259592BD006E600FA622A /* DiscoverView.swift in Sources */,
				FDA663212BD639B200DED329 /* HomeCardDetailView.swift in Sources */,
				FDB2598B2BD07C3700FA622A /* HomePopularView.swift in Sources */,
				FDA663232BD63A1C00DED329 /* HomePopDetailView.swift in Sources */,
				FDB259502BD004B800FA622A /* MainView.swift in Sources */,
				FDA663252BD65F2700DED329 /* DiscoverHeadView.swift in Sources */,
				FD0083942BD2AB7100ADF975 /* HomeCardListView.swift in Sources */,
				FDB2594E2BCF703500FA622A /* ViewEx.swift in Sources */,
				FD00838E2BD25B0700ADF975 /* TralViewModel.swift in Sources */,
				FD0083972BD2AC7000ADF975 /* HomeListPopularView.swift in Sources */,
			);
			runOnlyForDeploymentPostprocessing = 0;
		};
/* End PBXSourcesBuildPhase section */

/* Begin XCBuildConfiguration section */
		FDB259412BCF6E9300FA622A /* Debug */ = {
			isa = XCBuildConfiguration;
			buildSettings = {
				ALWAYS_SEARCH_USER_PATHS = NO;
				ASSETCATALOG_COMPILER_GENERATE_SWIFT_ASSET_SYMBOL_EXTENSIONS = YES;
				CLANG_ANALYZER_NONNULL = YES;
				CLANG_ANALYZER_NUMBER_OBJECT_CONVERSION = YES_AGGRESSIVE;
				CLANG_CXX_LANGUAGE_STANDARD = "gnu++20";
				CLANG_ENABLE_MODULES = YES;
				CLANG_ENABLE_OBJC_ARC = YES;
				CLANG_ENABLE_OBJC_WEAK = YES;
				CLANG_WARN_BLOCK_CAPTURE_AUTORELEASING = YES;
				CLANG_WARN_BOOL_CONVERSION = YES;
				CLANG_WARN_COMMA = YES;
				CLANG_WARN_CONSTANT_CONVERSION = YES;
				CLANG_WARN_DEPRECATED_OBJC_IMPLEMENTATIONS = YES;
				CLANG_WARN_DIRECT_OBJC_ISA_USAGE = YES_ERROR;
				CLANG_WARN_DOCUMENTATION_COMMENTS = YES;
				CLANG_WARN_EMPTY_BODY = YES;
				CLANG_WARN_ENUM_CONVERSION = YES;
				CLANG_WARN_INFINITE_RECURSION = YES;
				CLANG_WARN_INT_CONVERSION = YES;
				CLANG_WARN_NON_LITERAL_NULL_CONVERSION = YES;
				CLANG_WARN_OBJC_IMPLICIT_RETAIN_SELF = YES;
				CLANG_WARN_OBJC_LITERAL_CONVERSION = YES;
				CLANG_WARN_OBJC_ROOT_CLASS = YES_ERROR;
				CLANG_WARN_QUOTED_INCLUDE_IN_FRAMEWORK_HEADER = YES;
				CLANG_WARN_RANGE_LOOP_ANALYSIS = YES;
				CLANG_WARN_STRICT_PROTOTYPES = YES;
				CLANG_WARN_SUSPICIOUS_MOVE = YES;
				CLANG_WARN_UNGUARDED_AVAILABILITY = YES_AGGRESSIVE;
				CLANG_WARN_UNREACHABLE_CODE = YES;
				CLANG_WARN__DUPLICATE_METHOD_MATCH = YES;
				COPY_PHASE_STRIP = NO;
				DEBUG_INFORMATION_FORMAT = dwarf;
				ENABLE_STRICT_OBJC_MSGSEND = YES;
				ENABLE_TESTABILITY = YES;
				ENABLE_USER_SCRIPT_SANDBOXING = YES;
				GCC_C_LANGUAGE_STANDARD = gnu17;
				GCC_DYNAMIC_NO_PIC = NO;
				GCC_NO_COMMON_BLOCKS = YES;
				GCC_OPTIMIZATION_LEVEL = 0;
				GCC_PREPROCESSOR_DEFINITIONS = (
					"DEBUG=1",
					"$(inherited)",
				);
				GCC_WARN_64_TO_32_BIT_CONVERSION = YES;
				GCC_WARN_ABOUT_RETURN_TYPE = YES_ERROR;
				GCC_WARN_UNDECLARED_SELECTOR = YES;
				GCC_WARN_UNINITIALIZED_AUTOS = YES_AGGRESSIVE;
				GCC_WARN_UNUSED_FUNCTION = YES;
				GCC_WARN_UNUSED_VARIABLE = YES;
				IPHONEOS_DEPLOYMENT_TARGET = 17.4;
				LOCALIZATION_PREFERS_STRING_CATALOGS = YES;
				MTL_ENABLE_DEBUG_INFO = INCLUDE_SOURCE;
				MTL_FAST_MATH = YES;
				ONLY_ACTIVE_ARCH = YES;
				SDKROOT = iphoneos;
				SWIFT_ACTIVE_COMPILATION_CONDITIONS = "DEBUG $(inherited)";
				SWIFT_OPTIMIZATION_LEVEL = "-Onone";
			};
			name = Debug;
		};
		FDB259422BCF6E9300FA622A /* Release */ = {
			isa = XCBuildConfiguration;
			buildSettings = {
				ALWAYS_SEARCH_USER_PATHS = NO;
				ASSETCATALOG_COMPILER_GENERATE_SWIFT_ASSET_SYMBOL_EXTENSIONS = YES;
				CLANG_ANALYZER_NONNULL = YES;
				CLANG_ANALYZER_NUMBER_OBJECT_CONVERSION = YES_AGGRESSIVE;
				CLANG_CXX_LANGUAGE_STANDARD = "gnu++20";
				CLANG_ENABLE_MODULES = YES;
				CLANG_ENABLE_OBJC_ARC = YES;
				CLANG_ENABLE_OBJC_WEAK = YES;
				CLANG_WARN_BLOCK_CAPTURE_AUTORELEASING = YES;
				CLANG_WARN_BOOL_CONVERSION = YES;
				CLANG_WARN_COMMA = YES;
				CLANG_WARN_CONSTANT_CONVERSION = YES;
				CLANG_WARN_DEPRECATED_OBJC_IMPLEMENTATIONS = YES;
				CLANG_WARN_DIRECT_OBJC_ISA_USAGE = YES_ERROR;
				CLANG_WARN_DOCUMENTATION_COMMENTS = YES;
				CLANG_WARN_EMPTY_BODY = YES;
				CLANG_WARN_ENUM_CONVERSION = YES;
				CLANG_WARN_INFINITE_RECURSION = YES;
				CLANG_WARN_INT_CONVERSION = YES;
				CLANG_WARN_NON_LITERAL_NULL_CONVERSION = YES;
				CLANG_WARN_OBJC_IMPLICIT_RETAIN_SELF = YES;
				CLANG_WARN_OBJC_LITERAL_CONVERSION = YES;
				CLANG_WARN_OBJC_ROOT_CLASS = YES_ERROR;
				CLANG_WARN_QUOTED_INCLUDE_IN_FRAMEWORK_HEADER = YES;
				CLANG_WARN_RANGE_LOOP_ANALYSIS = YES;
				CLANG_WARN_STRICT_PROTOTYPES = YES;
				CLANG_WARN_SUSPICIOUS_MOVE = YES;
				CLANG_WARN_UNGUARDED_AVAILABILITY = YES_AGGRESSIVE;
				CLANG_WARN_UNREACHABLE_CODE = YES;
				CLANG_WARN__DUPLICATE_METHOD_MATCH = YES;
				COPY_PHASE_STRIP = NO;
				DEBUG_INFORMATION_FORMAT = "dwarf-with-dsym";
				ENABLE_NS_ASSERTIONS = NO;
				ENABLE_STRICT_OBJC_MSGSEND = YES;
				ENABLE_USER_SCRIPT_SANDBOXING = YES;
				GCC_C_LANGUAGE_STANDARD = gnu17;
				GCC_NO_COMMON_BLOCKS = YES;
				GCC_WARN_64_TO_32_BIT_CONVERSION = YES;
				GCC_WARN_ABOUT_RETURN_TYPE = YES_ERROR;
				GCC_WARN_UNDECLARED_SELECTOR = YES;
				GCC_WARN_UNINITIALIZED_AUTOS = YES_AGGRESSIVE;
				GCC_WARN_UNUSED_FUNCTION = YES;
				GCC_WARN_UNUSED_VARIABLE = YES;
				IPHONEOS_DEPLOYMENT_TARGET = 17.4;
				LOCALIZATION_PREFERS_STRING_CATALOGS = YES;
				MTL_ENABLE_DEBUG_INFO = NO;
				MTL_FAST_MATH = YES;
				SDKROOT = iphoneos;
				SWIFT_COMPILATION_MODE = wholemodule;
				VALIDATE_PRODUCT = YES;
			};
			name = Release;
		};
		FDB259442BCF6E9300FA622A /* Debug */ = {
			isa = XCBuildConfiguration;
			buildSettings = {
				ASSETCATALOG_COMPILER_APPICON_NAME = AppIcon;
				ASSETCATALOG_COMPILER_GLOBAL_ACCENT_COLOR_NAME = AccentColor;
				CODE_SIGN_STYLE = Automatic;
				CURRENT_PROJECT_VERSION = 1;
				DEVELOPMENT_ASSET_PATHS = "\"Tral/Preview Content\"";
				DEVELOPMENT_TEAM = 88P682HUA5;
				ENABLE_PREVIEWS = YES;
				GENERATE_INFOPLIST_FILE = YES;
				INFOPLIST_KEY_UIApplicationSceneManifest_Generation = YES;
				INFOPLIST_KEY_UIApplicationSupportsIndirectInputEvents = YES;
				INFOPLIST_KEY_UILaunchScreen_Generation = YES;
				INFOPLIST_KEY_UISupportedInterfaceOrientations_iPad = "UIInterfaceOrientationPortrait UIInterfaceOrientationPortraitUpsideDown UIInterfaceOrientationLandscapeLeft UIInterfaceOrientationLandscapeRight";
				INFOPLIST_KEY_UISupportedInterfaceOrientations_iPhone = "UIInterfaceOrientationPortrait UIInterfaceOrientationLandscapeLeft UIInterfaceOrientationLandscapeRight";
				INFOPLIST_KEY_UIUserInterfaceStyle = White;
				LD_RUNPATH_SEARCH_PATHS = (
					"$(inherited)",
					"@executable_path/Frameworks",
				);
				MARKETING_VERSION = 1.0;
				PRODUCT_BUNDLE_IDENTIFIER = com.Test.Tral;
				PRODUCT_NAME = "$(TARGET_NAME)";
				SWIFT_EMIT_LOC_STRINGS = YES;
				SWIFT_VERSION = 5.0;
				TARGETED_DEVICE_FAMILY = "1,2";
			};
			name = Debug;
		};
		FDB259452BCF6E9300FA622A /* Release */ = {
			isa = XCBuildConfiguration;
			buildSettings = {
				ASSETCATALOG_COMPILER_APPICON_NAME = AppIcon;
				ASSETCATALOG_COMPILER_GLOBAL_ACCENT_COLOR_NAME = AccentColor;
				CODE_SIGN_STYLE = Automatic;
				CURRENT_PROJECT_VERSION = 1;
				DEVELOPMENT_ASSET_PATHS = "\"Tral/Preview Content\"";
				DEVELOPMENT_TEAM = 88P682HUA5;
				ENABLE_PREVIEWS = YES;
				GENERATE_INFOPLIST_FILE = YES;
				INFOPLIST_KEY_UIApplicationSceneManifest_Generation = YES;
				INFOPLIST_KEY_UIApplicationSupportsIndirectInputEvents = YES;
				INFOPLIST_KEY_UILaunchScreen_Generation = YES;
				INFOPLIST_KEY_UISupportedInterfaceOrientations_iPad = "UIInterfaceOrientationPortrait UIInterfaceOrientationPortraitUpsideDown UIInterfaceOrientationLandscapeLeft UIInterfaceOrientationLandscapeRight";
				INFOPLIST_KEY_UISupportedInterfaceOrientations_iPhone = "UIInterfaceOrientationPortrait UIInterfaceOrientationLandscapeLeft UIInterfaceOrientationLandscapeRight";
				INFOPLIST_KEY_UIUserInterfaceStyle = White;
				LD_RUNPATH_SEARCH_PATHS = (
					"$(inherited)",
					"@executable_path/Frameworks",
				);
				MARKETING_VERSION = 1.0;
				PRODUCT_BUNDLE_IDENTIFIER = com.Test.Tral;
				PRODUCT_NAME = "$(TARGET_NAME)";
				SWIFT_EMIT_LOC_STRINGS = YES;
				SWIFT_VERSION = 5.0;
				TARGETED_DEVICE_FAMILY = "1,2";
			};
			name = Release;
		};
/* End XCBuildConfiguration section */

/* Begin XCConfigurationList section */
		FDB259302BCF6E9200FA622A /* Build configuration list for PBXProject "Tral" */ = {
			isa = XCConfigurationList;
			buildConfigurations = (
				FDB259412BCF6E9300FA622A /* Debug */,
				FDB259422BCF6E9300FA622A /* Release */,
			);
			defaultConfigurationIsVisible = 0;
			defaultConfigurationName = Release;
		};
		FDB259432BCF6E9300FA622A /* Build configuration list for PBXNativeTarget "Tral" */ = {
			isa = XCConfigurationList;
			buildConfigurations = (
				FDB259442BCF6E9300FA622A /* Debug */,
				FDB259452BCF6E9300FA622A /* Release */,
			);
			defaultConfigurationIsVisible = 0;
			defaultConfigurationName = Release;
		};
/* End XCConfigurationList section */

/* Begin XCRemoteSwiftPackageReference section */
		FDA663282BD6651400DED329 /* XCRemoteSwiftPackageReference "ACarousel" */ = {
			isa = XCRemoteSwiftPackageReference;
			repositoryURL = "https://github.com/JWAutumn/ACarousel";
			requirement = {
				kind = upToNextMajorVersion;
				minimumVersion = 0.2.0;
			};
		};
/* End XCRemoteSwiftPackageReference section */

/* Begin XCSwiftPackageProductDependency section */
		FDA663292BD6651400DED329 /* ACarousel */ = {
			isa = XCSwiftPackageProductDependency;
			package = FDA663282BD6651400DED329 /* XCRemoteSwiftPackageReference "ACarousel" */;
			productName = ACarousel;
		};
/* End XCSwiftPackageProductDependency section */
	};
	rootObject = FDB2592D2BCF6E9200FA622A /* Project object */;
}
